// !$*UTF8*$!
{
	archiveVersion = 1;
	classes = {
	};
	objectVersion = 56;
	objects = {

/* Begin PBXBuildFile section */
		01257F1F15372F79F7896F33 /* Pods_NewsApp.framework in Frameworks */ = {isa = PBXBuildFile; fileRef = 455E3E7458B1761BFC4AA2AA /* Pods_NewsApp.framework */; };
		D414BF652CDCBB2300718F61 /* Main.storyboard in Resources */ = {isa = PBXBuildFile; fileRef = D414BF642CDCBB2300718F61 /* Main.storyboard */; };
		D4312C5B2D0F4F0600B291AD /* AccessibilityIdentifier.swift in Sources */ = {isa = PBXBuildFile; fileRef = D4312C5A2D0F4F0300B291AD /* AccessibilityIdentifier.swift */; };
		D4312C5C2D0F593600B291AD /* AccessibilityIdentifier.swift in Sources */ = {isa = PBXBuildFile; fileRef = D4312C5A2D0F4F0300B291AD /* AccessibilityIdentifier.swift */; };
		D4312C5D2D0F593600B291AD /* AccessibilityIdentifier.swift in Sources */ = {isa = PBXBuildFile; fileRef = D4312C5A2D0F4F0300B291AD /* AccessibilityIdentifier.swift */; };
		D4312C5F2D1009A600B291AD /* NewsCategory.swift in Sources */ = {isa = PBXBuildFile; fileRef = D4312C5E2D10099E00B291AD /* NewsCategory.swift */; };
		D4312C602D1009C900B291AD /* NewsCategory.swift in Sources */ = {isa = PBXBuildFile; fileRef = D4312C5E2D10099E00B291AD /* NewsCategory.swift */; };
		D45793372D094F5C009F8C85 /* NewsNetworkDataSourceImpl.swift in Sources */ = {isa = PBXBuildFile; fileRef = D45793202D094F5C009F8C85 /* NewsNetworkDataSourceImpl.swift */; };
		D45793392D094F5C009F8C85 /* Localization.swift in Sources */ = {isa = PBXBuildFile; fileRef = D45793122D094F5C009F8C85 /* Localization.swift */; };
		D457933A2D094F5C009F8C85 /* ArticleModel.swift in Sources */ = {isa = PBXBuildFile; fileRef = D45793262D094F5C009F8C85 /* ArticleModel.swift */; };
		D457933B2D094F5C009F8C85 /* NewsLocalDataSource.swift in Sources */ = {isa = PBXBuildFile; fileRef = D457931B2D094F5C009F8C85 /* NewsLocalDataSource.swift */; };
		D457933C2D094F5C009F8C85 /* ArticleModel+RealmMapper.swift in Sources */ = {isa = PBXBuildFile; fileRef = D45793162D094F5C009F8C85 /* ArticleModel+RealmMapper.swift */; };
		D457933D2D094F5C009F8C85 /* Extensions.swift in Sources */ = {isa = PBXBuildFile; fileRef = D45793102D094F5C009F8C85 /* Extensions.swift */; };
		D457933E2D094F5C009F8C85 /* Constants.swift in Sources */ = {isa = PBXBuildFile; fileRef = D457930F2D094F5C009F8C85 /* Constants.swift */; };
		D457933F2D094F5C009F8C85 /* NetworkError.swift in Sources */ = {isa = PBXBuildFile; fileRef = D45793332D094F5C009F8C85 /* NetworkError.swift */; };
		D45793402D094F5C009F8C85 /* APIServiceProtocol.swift in Sources */ = {isa = PBXBuildFile; fileRef = D457932D2D094F5C009F8C85 /* APIServiceProtocol.swift */; };
		D45793412D094F5C009F8C85 /* FetchNewsUseCase.swift in Sources */ = {isa = PBXBuildFile; fileRef = D457932A2D094F5C009F8C85 /* FetchNewsUseCase.swift */; };
		D45793422D094F5C009F8C85 /* NewsLocalDataSourceImpl.swift in Sources */ = {isa = PBXBuildFile; fileRef = D457931C2D094F5C009F8C85 /* NewsLocalDataSourceImpl.swift */; };
		D45793432D094F5C009F8C85 /* APIConfig.swift in Sources */ = {isa = PBXBuildFile; fileRef = D457932F2D094F5C009F8C85 /* APIConfig.swift */; };
		D45793442D094F5C009F8C85 /* ArticleRealm.swift in Sources */ = {isa = PBXBuildFile; fileRef = D45793192D094F5C009F8C85 /* ArticleRealm.swift */; };
		D45793452D094F5C009F8C85 /* APIServiceManager.swift in Sources */ = {isa = PBXBuildFile; fileRef = D45793302D094F5C009F8C85 /* APIServiceManager.swift */; };
		D45793462D094F5C009F8C85 /* NewsNetworkDataSource.swift in Sources */ = {isa = PBXBuildFile; fileRef = D457931F2D094F5C009F8C85 /* NewsNetworkDataSource.swift */; };
		D45793472D094F5C009F8C85 /* LocalStorageError.swift in Sources */ = {isa = PBXBuildFile; fileRef = D457931D2D094F5C009F8C85 /* LocalStorageError.swift */; };
		D45793482D094F5C009F8C85 /* ArticleRealm+DomainMapper.swift in Sources */ = {isa = PBXBuildFile; fileRef = D45793172D094F5C009F8C85 /* ArticleRealm+DomainMapper.swift */; };
		D45793492D094F5C009F8C85 /* Endpoints.swift in Sources */ = {isa = PBXBuildFile; fileRef = D45793312D094F5C009F8C85 /* Endpoints.swift */; };
		D457934A2D094F5C009F8C85 /* NewsRepositoryProtocol.swift in Sources */ = {isa = PBXBuildFile; fileRef = D45793282D094F5C009F8C85 /* NewsRepositoryProtocol.swift */; };
		D457934B2D094F5C009F8C85 /* SceneDelegate.swift in Sources */ = {isa = PBXBuildFile; fileRef = D457930D2D094F5C009F8C85 /* SceneDelegate.swift */; };
		D457934C2D094F5C009F8C85 /* HTTPMethod.swift in Sources */ = {isa = PBXBuildFile; fileRef = D45793322D094F5C009F8C85 /* HTTPMethod.swift */; };
		D457934D2D094F5C009F8C85 /* NewsRepository.swift in Sources */ = {isa = PBXBuildFile; fileRef = D45793232D094F5C009F8C85 /* NewsRepository.swift */; };
		D457934E2D094F5C009F8C85 /* Reachability.swift in Sources */ = {isa = PBXBuildFile; fileRef = D45793132D094F5C009F8C85 /* Reachability.swift */; };
		D457934F2D094F5C009F8C85 /* Helpers.swift in Sources */ = {isa = PBXBuildFile; fileRef = D45793112D094F5C009F8C85 /* Helpers.swift */; };
		D45793502D094F5C009F8C85 /* NetworkManager.swift in Sources */ = {isa = PBXBuildFile; fileRef = D45793342D094F5C009F8C85 /* NetworkManager.swift */; };
		D45793592D096ADB009F8C85 /* ViewModelFactory.swift in Sources */ = {isa = PBXBuildFile; fileRef = D45793582D096AD9009F8C85 /* ViewModelFactory.swift */; };
		D457935B2D0F0EA7009F8C85 /* NewsAppTests.swift in Sources */ = {isa = PBXBuildFile; fileRef = D457935A2D0F0BDD009F8C85 /* NewsAppTests.swift */; };
		D457935C2D0F0EB4009F8C85 /* NewsAppUITests.swift in Sources */ = {isa = PBXBuildFile; fileRef = D4CC97CA2CC67B3E00882A68 /* NewsAppUITests.swift */; };
		D49E27D12CC8E07000D5F479 /* TopHeadlines.png in Resources */ = {isa = PBXBuildFile; fileRef = D49E27CE2CC8E07000D5F479 /* TopHeadlines.png */; };
		D49E27D22CC8E07000D5F479 /* Bookmarks.png in Resources */ = {isa = PBXBuildFile; fileRef = D49E27CF2CC8E07000D5F479 /* Bookmarks.png */; };
		D49E27D32CC8E07000D5F479 /* ArticleDetails.png in Resources */ = {isa = PBXBuildFile; fileRef = D49E27D02CC8E07000D5F479 /* ArticleDetails.png */; };
		D49E27D52CC8FEBD00D5F479 /* CategoryFilterView.swift in Sources */ = {isa = PBXBuildFile; fileRef = D49E27D42CC8FEBD00D5F479 /* CategoryFilterView.swift */; };
		D49E27DE2CCA3DA500D5F479 /* NewsImageView.swift in Sources */ = {isa = PBXBuildFile; fileRef = D49E27DD2CCA3DA500D5F479 /* NewsImageView.swift */; };
		D4CC97B02CC67B3D00882A68 /* NewsAppApp.swift in Sources */ = {isa = PBXBuildFile; fileRef = D4CC97AF2CC67B3D00882A68 /* NewsAppApp.swift */; };
		D4CC97B42CC67B3E00882A68 /* Assets.xcassets in Resources */ = {isa = PBXBuildFile; fileRef = D4CC97B32CC67B3E00882A68 /* Assets.xcassets */; };
		D4CC97B72CC67B3E00882A68 /* Preview Assets.xcassets in Resources */ = {isa = PBXBuildFile; fileRef = D4CC97B62CC67B3E00882A68 /* Preview Assets.xcassets */; };
		D4CC97EC2CC6801A00882A68 /* Article.swift in Sources */ = {isa = PBXBuildFile; fileRef = D4CC97EB2CC6801A00882A68 /* Article.swift */; };
		D4CC97EE2CC6803400882A68 /* NewsResponse.swift in Sources */ = {isa = PBXBuildFile; fileRef = D4CC97ED2CC6803400882A68 /* NewsResponse.swift */; };
		D4CC97F02CC6C60B00882A68 /* NewsListView.swift in Sources */ = {isa = PBXBuildFile; fileRef = D4CC97EF2CC6C60B00882A68 /* NewsListView.swift */; };
		D4CC97F22CC6C63E00882A68 /* NewsDetailView.swift in Sources */ = {isa = PBXBuildFile; fileRef = D4CC97F12CC6C63E00882A68 /* NewsDetailView.swift */; };
		D4CC97F42CC6C66600882A68 /* NewsViewModel.swift in Sources */ = {isa = PBXBuildFile; fileRef = D4CC97F32CC6C66600882A68 /* NewsViewModel.swift */; };
		D4CC97F82CC6D34400882A68 /* MainView.swift in Sources */ = {isa = PBXBuildFile; fileRef = D4CC97F72CC6D34400882A68 /* MainView.swift */; };
		D4CC97FA2CC6D36900882A68 /* BookmarkView.swift in Sources */ = {isa = PBXBuildFile; fileRef = D4CC97F92CC6D36900882A68 /* BookmarkView.swift */; };
/* End PBXBuildFile section */

/* Begin PBXContainerItemProxy section */
		D4CC97BD2CC67B3E00882A68 /* PBXContainerItemProxy */ = {
			isa = PBXContainerItemProxy;
			containerPortal = D4CC97A42CC67B3D00882A68 /* Project object */;
			proxyType = 1;
			remoteGlobalIDString = D4CC97AB2CC67B3D00882A68;
			remoteInfo = NewsApp;
		};
		D4CC97C72CC67B3E00882A68 /* PBXContainerItemProxy */ = {
			isa = PBXContainerItemProxy;
			containerPortal = D4CC97A42CC67B3D00882A68 /* Project object */;
			proxyType = 1;
			remoteGlobalIDString = D4CC97AB2CC67B3D00882A68;
			remoteInfo = NewsApp;
		};
/* End PBXContainerItemProxy section */

/* Begin PBXCopyFilesBuildPhase section */
		D4CB7F532CDB608600E465D4 /* Embed Frameworks */ = {
			isa = PBXCopyFilesBuildPhase;
			buildActionMask = 2147483647;
			dstPath = "";
			dstSubfolderSpec = 10;
			files = (
			);
			name = "Embed Frameworks";
			runOnlyForDeploymentPostprocessing = 0;
		};
/* End PBXCopyFilesBuildPhase section */

/* Begin PBXFileReference section */
		455E3E7458B1761BFC4AA2AA /* Pods_NewsApp.framework */ = {isa = PBXFileReference; explicitFileType = wrapper.framework; includeInIndex = 0; path = Pods_NewsApp.framework; sourceTree = BUILT_PRODUCTS_DIR; };
		C3B78F72416B20C802E5500E /* Pods-NewsApp.debug.xcconfig */ = {isa = PBXFileReference; includeInIndex = 1; lastKnownFileType = text.xcconfig; name = "Pods-NewsApp.debug.xcconfig"; path = "Target Support Files/Pods-NewsApp/Pods-NewsApp.debug.xcconfig"; sourceTree = "<group>"; };
		D414BF642CDCBB2300718F61 /* Main.storyboard */ = {isa = PBXFileReference; lastKnownFileType = file.storyboard; path = Main.storyboard; sourceTree = "<group>"; };
		D4312C5A2D0F4F0300B291AD /* AccessibilityIdentifier.swift */ = {isa = PBXFileReference; lastKnownFileType = sourcecode.swift; path = AccessibilityIdentifier.swift; sourceTree = "<group>"; };
		D4312C5E2D10099E00B291AD /* NewsCategory.swift */ = {isa = PBXFileReference; lastKnownFileType = sourcecode.swift; path = NewsCategory.swift; sourceTree = "<group>"; };
		D457930D2D094F5C009F8C85 /* SceneDelegate.swift */ = {isa = PBXFileReference; lastKnownFileType = sourcecode.swift; path = SceneDelegate.swift; sourceTree = "<group>"; };
		D457930F2D094F5C009F8C85 /* Constants.swift */ = {isa = PBXFileReference; lastKnownFileType = sourcecode.swift; path = Constants.swift; sourceTree = "<group>"; };
		D45793102D094F5C009F8C85 /* Extensions.swift */ = {isa = PBXFileReference; lastKnownFileType = sourcecode.swift; path = Extensions.swift; sourceTree = "<group>"; };
		D45793112D094F5C009F8C85 /* Helpers.swift */ = {isa = PBXFileReference; lastKnownFileType = sourcecode.swift; path = Helpers.swift; sourceTree = "<group>"; };
		D45793122D094F5C009F8C85 /* Localization.swift */ = {isa = PBXFileReference; lastKnownFileType = sourcecode.swift; path = Localization.swift; sourceTree = "<group>"; };
		D45793132D094F5C009F8C85 /* Reachability.swift */ = {isa = PBXFileReference; lastKnownFileType = sourcecode.swift; path = Reachability.swift; sourceTree = "<group>"; };
		D45793162D094F5C009F8C85 /* ArticleModel+RealmMapper.swift */ = {isa = PBXFileReference; lastKnownFileType = sourcecode.swift; path = "ArticleModel+RealmMapper.swift"; sourceTree = "<group>"; };
		D45793172D094F5C009F8C85 /* ArticleRealm+DomainMapper.swift */ = {isa = PBXFileReference; lastKnownFileType = sourcecode.swift; path = "ArticleRealm+DomainMapper.swift"; sourceTree = "<group>"; };
		D45793192D094F5C009F8C85 /* ArticleRealm.swift */ = {isa = PBXFileReference; lastKnownFileType = sourcecode.swift; path = ArticleRealm.swift; sourceTree = "<group>"; };
		D457931B2D094F5C009F8C85 /* NewsLocalDataSource.swift */ = {isa = PBXFileReference; lastKnownFileType = sourcecode.swift; path = NewsLocalDataSource.swift; sourceTree = "<group>"; };
		D457931C2D094F5C009F8C85 /* NewsLocalDataSourceImpl.swift */ = {isa = PBXFileReference; lastKnownFileType = sourcecode.swift; path = NewsLocalDataSourceImpl.swift; sourceTree = "<group>"; };
		D457931D2D094F5C009F8C85 /* LocalStorageError.swift */ = {isa = PBXFileReference; lastKnownFileType = sourcecode.swift; path = LocalStorageError.swift; sourceTree = "<group>"; };
		D457931F2D094F5C009F8C85 /* NewsNetworkDataSource.swift */ = {isa = PBXFileReference; lastKnownFileType = sourcecode.swift; path = NewsNetworkDataSource.swift; sourceTree = "<group>"; };
		D45793202D094F5C009F8C85 /* NewsNetworkDataSourceImpl.swift */ = {isa = PBXFileReference; lastKnownFileType = sourcecode.swift; path = NewsNetworkDataSourceImpl.swift; sourceTree = "<group>"; };
		D45793232D094F5C009F8C85 /* NewsRepository.swift */ = {isa = PBXFileReference; lastKnownFileType = sourcecode.swift; path = NewsRepository.swift; sourceTree = "<group>"; };
		D45793262D094F5C009F8C85 /* ArticleModel.swift */ = {isa = PBXFileReference; lastKnownFileType = sourcecode.swift; path = ArticleModel.swift; sourceTree = "<group>"; };
		D45793282D094F5C009F8C85 /* NewsRepositoryProtocol.swift */ = {isa = PBXFileReference; lastKnownFileType = sourcecode.swift; path = NewsRepositoryProtocol.swift; sourceTree = "<group>"; };
		D457932A2D094F5C009F8C85 /* FetchNewsUseCase.swift */ = {isa = PBXFileReference; lastKnownFileType = sourcecode.swift; path = FetchNewsUseCase.swift; sourceTree = "<group>"; };
		D457932D2D094F5C009F8C85 /* APIServiceProtocol.swift */ = {isa = PBXFileReference; lastKnownFileType = sourcecode.swift; path = APIServiceProtocol.swift; sourceTree = "<group>"; };
		D457932F2D094F5C009F8C85 /* APIConfig.swift */ = {isa = PBXFileReference; lastKnownFileType = sourcecode.swift; path = APIConfig.swift; sourceTree = "<group>"; };
		D45793302D094F5C009F8C85 /* APIServiceManager.swift */ = {isa = PBXFileReference; lastKnownFileType = sourcecode.swift; path = APIServiceManager.swift; sourceTree = "<group>"; };
		D45793312D094F5C009F8C85 /* Endpoints.swift */ = {isa = PBXFileReference; lastKnownFileType = sourcecode.swift; path = Endpoints.swift; sourceTree = "<group>"; };
		D45793322D094F5C009F8C85 /* HTTPMethod.swift */ = {isa = PBXFileReference; lastKnownFileType = sourcecode.swift; path = HTTPMethod.swift; sourceTree = "<group>"; };
		D45793332D094F5C009F8C85 /* NetworkError.swift */ = {isa = PBXFileReference; lastKnownFileType = sourcecode.swift; path = NetworkError.swift; sourceTree = "<group>"; };
		D45793342D094F5C009F8C85 /* NetworkManager.swift */ = {isa = PBXFileReference; lastKnownFileType = sourcecode.swift; path = NetworkManager.swift; sourceTree = "<group>"; };
		D45793582D096AD9009F8C85 /* ViewModelFactory.swift */ = {isa = PBXFileReference; lastKnownFileType = sourcecode.swift; path = ViewModelFactory.swift; sourceTree = "<group>"; };
		D457935A2D0F0BDD009F8C85 /* NewsAppTests.swift */ = {isa = PBXFileReference; lastKnownFileType = sourcecode.swift; path = NewsAppTests.swift; sourceTree = "<group>"; };
		D49E27CE2CC8E07000D5F479 /* TopHeadlines.png */ = {isa = PBXFileReference; lastKnownFileType = image.png; path = TopHeadlines.png; sourceTree = "<group>"; };
		D49E27CF2CC8E07000D5F479 /* Bookmarks.png */ = {isa = PBXFileReference; lastKnownFileType = image.png; path = Bookmarks.png; sourceTree = "<group>"; };
		D49E27D02CC8E07000D5F479 /* ArticleDetails.png */ = {isa = PBXFileReference; lastKnownFileType = image.png; path = ArticleDetails.png; sourceTree = "<group>"; };
		D49E27D42CC8FEBD00D5F479 /* CategoryFilterView.swift */ = {isa = PBXFileReference; lastKnownFileType = sourcecode.swift; path = CategoryFilterView.swift; sourceTree = "<group>"; };
		D49E27DD2CCA3DA500D5F479 /* NewsImageView.swift */ = {isa = PBXFileReference; lastKnownFileType = sourcecode.swift; path = NewsImageView.swift; sourceTree = "<group>"; };
		D4CC97AC2CC67B3D00882A68 /* NewsApp.app */ = {isa = PBXFileReference; explicitFileType = wrapper.application; includeInIndex = 0; path = NewsApp.app; sourceTree = BUILT_PRODUCTS_DIR; };
		D4CC97AF2CC67B3D00882A68 /* NewsAppApp.swift */ = {isa = PBXFileReference; lastKnownFileType = sourcecode.swift; path = NewsAppApp.swift; sourceTree = "<group>"; };
		D4CC97B32CC67B3E00882A68 /* Assets.xcassets */ = {isa = PBXFileReference; lastKnownFileType = folder.assetcatalog; path = Assets.xcassets; sourceTree = "<group>"; };
		D4CC97B62CC67B3E00882A68 /* Preview Assets.xcassets */ = {isa = PBXFileReference; lastKnownFileType = folder.assetcatalog; path = "Preview Assets.xcassets"; sourceTree = "<group>"; };
		D4CC97BC2CC67B3E00882A68 /* NewsAppTests.xctest */ = {isa = PBXFileReference; explicitFileType = wrapper.cfbundle; includeInIndex = 0; path = NewsAppTests.xctest; sourceTree = BUILT_PRODUCTS_DIR; };
		D4CC97C62CC67B3E00882A68 /* NewsAppUITests.xctest */ = {isa = PBXFileReference; explicitFileType = wrapper.cfbundle; includeInIndex = 0; path = NewsAppUITests.xctest; sourceTree = BUILT_PRODUCTS_DIR; };
		D4CC97CA2CC67B3E00882A68 /* NewsAppUITests.swift */ = {isa = PBXFileReference; lastKnownFileType = sourcecode.swift; path = NewsAppUITests.swift; sourceTree = "<group>"; };
		D4CC97EB2CC6801A00882A68 /* Article.swift */ = {isa = PBXFileReference; lastKnownFileType = sourcecode.swift; path = Article.swift; sourceTree = "<group>"; };
		D4CC97ED2CC6803400882A68 /* NewsResponse.swift */ = {isa = PBXFileReference; lastKnownFileType = sourcecode.swift; path = NewsResponse.swift; sourceTree = "<group>"; };
		D4CC97EF2CC6C60B00882A68 /* NewsListView.swift */ = {isa = PBXFileReference; lastKnownFileType = sourcecode.swift; path = NewsListView.swift; sourceTree = "<group>"; };
		D4CC97F12CC6C63E00882A68 /* NewsDetailView.swift */ = {isa = PBXFileReference; lastKnownFileType = sourcecode.swift; path = NewsDetailView.swift; sourceTree = "<group>"; };
		D4CC97F32CC6C66600882A68 /* NewsViewModel.swift */ = {isa = PBXFileReference; lastKnownFileType = sourcecode.swift; path = NewsViewModel.swift; sourceTree = "<group>"; };
		D4CC97F72CC6D34400882A68 /* MainView.swift */ = {isa = PBXFileReference; lastKnownFileType = sourcecode.swift; path = MainView.swift; sourceTree = "<group>"; };
		D4CC97F92CC6D36900882A68 /* BookmarkView.swift */ = {isa = PBXFileReference; lastKnownFileType = sourcecode.swift; path = BookmarkView.swift; sourceTree = "<group>"; };
		D9B3698B6B1544D775814B73 /* Pods-NewsApp.release.xcconfig */ = {isa = PBXFileReference; includeInIndex = 1; lastKnownFileType = text.xcconfig; name = "Pods-NewsApp.release.xcconfig"; path = "Target Support Files/Pods-NewsApp/Pods-NewsApp.release.xcconfig"; sourceTree = "<group>"; };
/* End PBXFileReference section */

/* Begin PBXFrameworksBuildPhase section */
		D4CC97A92CC67B3D00882A68 /* Frameworks */ = {
			isa = PBXFrameworksBuildPhase;
			buildActionMask = 2147483647;
			files = (
				01257F1F15372F79F7896F33 /* Pods_NewsApp.framework in Frameworks */,
			);
			runOnlyForDeploymentPostprocessing = 0;
		};
		D4CC97B92CC67B3E00882A68 /* Frameworks */ = {
			isa = PBXFrameworksBuildPhase;
			buildActionMask = 2147483647;
			files = (
			);
			runOnlyForDeploymentPostprocessing = 0;
		};
		D4CC97C32CC67B3E00882A68 /* Frameworks */ = {
			isa = PBXFrameworksBuildPhase;
			buildActionMask = 2147483647;
			files = (
			);
			runOnlyForDeploymentPostprocessing = 0;
		};
/* End PBXFrameworksBuildPhase section */

/* Begin PBXGroup section */
		24437A2CB3EC229BF0A857E3 /* Pods */ = {
			isa = PBXGroup;
			children = (
				C3B78F72416B20C802E5500E /* Pods-NewsApp.debug.xcconfig */,
				D9B3698B6B1544D775814B73 /* Pods-NewsApp.release.xcconfig */,
			);
			path = Pods;
			sourceTree = "<group>";
		};
		AD3EDC8F4D56463D4A9C8FE7 /* Frameworks */ = {
			isa = PBXGroup;
			children = (
				455E3E7458B1761BFC4AA2AA /* Pods_NewsApp.framework */,
			);
			name = Frameworks;
			sourceTree = "<group>";
		};
		D4312C592D0F4EF300B291AD /* Utils */ = {
			isa = PBXGroup;
			children = (
				D4312C5A2D0F4F0300B291AD /* AccessibilityIdentifier.swift */,
			);
			path = Utils;
			sourceTree = "<group>";
		};
		D457930E2D094F5C009F8C85 /* Application */ = {
			isa = PBXGroup;
			children = (
				D457930D2D094F5C009F8C85 /* SceneDelegate.swift */,
			);
			path = Application;
			sourceTree = "<group>";
		};
		D45793142D094F5C009F8C85 /* Utils */ = {
			isa = PBXGroup;
			children = (
				D457930F2D094F5C009F8C85 /* Constants.swift */,
				D45793102D094F5C009F8C85 /* Extensions.swift */,
				D45793112D094F5C009F8C85 /* Helpers.swift */,
				D45793122D094F5C009F8C85 /* Localization.swift */,
				D45793132D094F5C009F8C85 /* Reachability.swift */,
			);
			path = Utils;
			sourceTree = "<group>";
		};
		D45793152D094F5C009F8C85 /* Core */ = {
			isa = PBXGroup;
			children = (
				D45793142D094F5C009F8C85 /* Utils */,
			);
			path = Core;
			sourceTree = "<group>";
		};
		D45793182D094F5C009F8C85 /* Mappers */ = {
			isa = PBXGroup;
			children = (
				D45793162D094F5C009F8C85 /* ArticleModel+RealmMapper.swift */,
				D45793172D094F5C009F8C85 /* ArticleRealm+DomainMapper.swift */,
			);
			path = Mappers;
			sourceTree = "<group>";
		};
		D457931A2D094F5C009F8C85 /* Models */ = {
			isa = PBXGroup;
			children = (
				D45793192D094F5C009F8C85 /* ArticleRealm.swift */,
			);
			path = Models;
			sourceTree = "<group>";
		};
		D457931E2D094F5C009F8C85 /* Local */ = {
			isa = PBXGroup;
			children = (
				D45793182D094F5C009F8C85 /* Mappers */,
				D457931A2D094F5C009F8C85 /* Models */,
				D457931B2D094F5C009F8C85 /* NewsLocalDataSource.swift */,
				D457931C2D094F5C009F8C85 /* NewsLocalDataSourceImpl.swift */,
				D457931D2D094F5C009F8C85 /* LocalStorageError.swift */,
			);
			path = Local;
			sourceTree = "<group>";
		};
		D45793212D094F5C009F8C85 /* Network */ = {
			isa = PBXGroup;
			children = (
				D457931F2D094F5C009F8C85 /* NewsNetworkDataSource.swift */,
				D45793202D094F5C009F8C85 /* NewsNetworkDataSourceImpl.swift */,
			);
			path = Network;
			sourceTree = "<group>";
		};
		D45793222D094F5C009F8C85 /* DataSources */ = {
			isa = PBXGroup;
			children = (
				D457931E2D094F5C009F8C85 /* Local */,
				D45793212D094F5C009F8C85 /* Network */,
			);
			path = DataSources;
			sourceTree = "<group>";
		};
		D45793242D094F5C009F8C85 /* Repositories */ = {
			isa = PBXGroup;
			children = (
				D45793232D094F5C009F8C85 /* NewsRepository.swift */,
			);
			path = Repositories;
			sourceTree = "<group>";
		};
		D45793252D094F5C009F8C85 /* Data */ = {
			isa = PBXGroup;
			children = (
				D45793222D094F5C009F8C85 /* DataSources */,
				D45793242D094F5C009F8C85 /* Repositories */,
			);
			path = Data;
			sourceTree = "<group>";
		};
		D45793272D094F5C009F8C85 /* Entities */ = {
			isa = PBXGroup;
			children = (
				D4312C5E2D10099E00B291AD /* NewsCategory.swift */,
				D4CC97ED2CC6803400882A68 /* NewsResponse.swift */,
				D45793262D094F5C009F8C85 /* ArticleModel.swift */,
			);
			path = Entities;
			sourceTree = "<group>";
		};
		D45793292D094F5C009F8C85 /* Repositories */ = {
			isa = PBXGroup;
			children = (
				D45793282D094F5C009F8C85 /* NewsRepositoryProtocol.swift */,
			);
			path = Repositories;
			sourceTree = "<group>";
		};
		D457932B2D094F5C009F8C85 /* UseCases */ = {
			isa = PBXGroup;
			children = (
				D457932A2D094F5C009F8C85 /* FetchNewsUseCase.swift */,
			);
			path = UseCases;
			sourceTree = "<group>";
		};
		D457932C2D094F5C009F8C85 /* Domain */ = {
			isa = PBXGroup;
			children = (
				D45793272D094F5C009F8C85 /* Entities */,
				D45793292D094F5C009F8C85 /* Repositories */,
				D457932B2D094F5C009F8C85 /* UseCases */,
			);
			path = Domain;
			sourceTree = "<group>";
		};
		D457932E2D094F5C009F8C85 /* Protocols */ = {
			isa = PBXGroup;
			children = (
				D457932D2D094F5C009F8C85 /* APIServiceProtocol.swift */,
			);
			path = Protocols;
			sourceTree = "<group>";
		};
		D45793352D094F5C009F8C85 /* Network */ = {
			isa = PBXGroup;
			children = (
				D457932E2D094F5C009F8C85 /* Protocols */,
				D457932F2D094F5C009F8C85 /* APIConfig.swift */,
				D45793302D094F5C009F8C85 /* APIServiceManager.swift */,
				D45793312D094F5C009F8C85 /* Endpoints.swift */,
				D45793322D094F5C009F8C85 /* HTTPMethod.swift */,
				D45793332D094F5C009F8C85 /* NetworkError.swift */,
				D45793342D094F5C009F8C85 /* NetworkManager.swift */,
			);
			path = Network;
			sourceTree = "<group>";
		};
		D45793362D094F5C009F8C85 /* Infrastructure */ = {
			isa = PBXGroup;
			children = (
				D45793352D094F5C009F8C85 /* Network */,
			);
			path = Infrastructure;
			sourceTree = "<group>";
		};
		D45793512D094FB1009F8C85 /* Presentation */ = {
			isa = PBXGroup;
			children = (
				D4312C592D0F4EF300B291AD /* Utils */,
				D4CC97DA2CC67B7300882A68 /* ViewModels */,
				D4CC97DB2CC67B7B00882A68 /* Views */,
			);
			path = Presentation;
			sourceTree = "<group>";
		};
		D49E27CC2CC8CAB300D5F479 /* Utilities */ = {
			isa = PBXGroup;
			children = (
			);
			path = Utilities;
			sourceTree = "<group>";
		};
		D49E27CD2CC8E05C00D5F479 /* Screenshots */ = {
			isa = PBXGroup;
			children = (
				D49E27CF2CC8E07000D5F479 /* Bookmarks.png */,
				D49E27CE2CC8E07000D5F479 /* TopHeadlines.png */,
				D49E27D02CC8E07000D5F479 /* ArticleDetails.png */,
			);
			path = Screenshots;
			sourceTree = "<group>";
		};
		D4CC97A32CC67B3D00882A68 = {
			isa = PBXGroup;
			children = (
				D4CC97AE2CC67B3D00882A68 /* NewsApp */,
				D4CC97BF2CC67B3E00882A68 /* NewsAppTests */,
				D4CC97C92CC67B3E00882A68 /* NewsAppUITests */,
				D4CC97AD2CC67B3D00882A68 /* Products */,
				24437A2CB3EC229BF0A857E3 /* Pods */,
				AD3EDC8F4D56463D4A9C8FE7 /* Frameworks */,
			);
			sourceTree = "<group>";
		};
		D4CC97AD2CC67B3D00882A68 /* Products */ = {
			isa = PBXGroup;
			children = (
				D4CC97AC2CC67B3D00882A68 /* NewsApp.app */,
				D4CC97BC2CC67B3E00882A68 /* NewsAppTests.xctest */,
				D4CC97C62CC67B3E00882A68 /* NewsAppUITests.xctest */,
			);
			name = Products;
			sourceTree = "<group>";
		};
		D4CC97AE2CC67B3D00882A68 /* NewsApp */ = {
			isa = PBXGroup;
			children = (
				D45793512D094FB1009F8C85 /* Presentation */,
				D457930E2D094F5C009F8C85 /* Application */,
				D45793152D094F5C009F8C85 /* Core */,
				D45793252D094F5C009F8C85 /* Data */,
				D457932C2D094F5C009F8C85 /* Domain */,
				D45793362D094F5C009F8C85 /* Infrastructure */,
				D49E27CD2CC8E05C00D5F479 /* Screenshots */,
				D49E27CC2CC8CAB300D5F479 /* Utilities */,
				D4CC97D92CC67B6200882A68 /* Models */,
				D4CC97AF2CC67B3D00882A68 /* NewsAppApp.swift */,
				D4CC97B32CC67B3E00882A68 /* Assets.xcassets */,
				D4CC97B52CC67B3E00882A68 /* Preview Content */,
				D414BF642CDCBB2300718F61 /* Main.storyboard */,
			);
			path = NewsApp;
			sourceTree = "<group>";
		};
		D4CC97B52CC67B3E00882A68 /* Preview Content */ = {
			isa = PBXGroup;
			children = (
				D4CC97B62CC67B3E00882A68 /* Preview Assets.xcassets */,
			);
			path = "Preview Content";
			sourceTree = "<group>";
		};
		D4CC97BF2CC67B3E00882A68 /* NewsAppTests */ = {
			isa = PBXGroup;
			children = (
				D457935A2D0F0BDD009F8C85 /* NewsAppTests.swift */,
			);
			path = NewsAppTests;
			sourceTree = "<group>";
		};
		D4CC97C92CC67B3E00882A68 /* NewsAppUITests */ = {
			isa = PBXGroup;
			children = (
				D4CC97CA2CC67B3E00882A68 /* NewsAppUITests.swift */,
			);
			path = NewsAppUITests;
			sourceTree = "<group>";
		};
		D4CC97D92CC67B6200882A68 /* Models */ = {
			isa = PBXGroup;
			children = (
				D4CC97EB2CC6801A00882A68 /* Article.swift */,
			);
			path = Models;
			sourceTree = "<group>";
		};
		D4CC97DA2CC67B7300882A68 /* ViewModels */ = {
			isa = PBXGroup;
			children = (
				D4CC97F32CC6C66600882A68 /* NewsViewModel.swift */,
				D45793582D096AD9009F8C85 /* ViewModelFactory.swift */,
			);
			path = ViewModels;
			sourceTree = "<group>";
		};
		D4CC97DB2CC67B7B00882A68 /* Views */ = {
			isa = PBXGroup;
			children = (
				D4CC97EF2CC6C60B00882A68 /* NewsListView.swift */,
				D4CC97F72CC6D34400882A68 /* MainView.swift */,
				D4CC97F92CC6D36900882A68 /* BookmarkView.swift */,
				D4CC97F12CC6C63E00882A68 /* NewsDetailView.swift */,
				D49E27D42CC8FEBD00D5F479 /* CategoryFilterView.swift */,
				D49E27DD2CCA3DA500D5F479 /* NewsImageView.swift */,
			);
			path = Views;
			sourceTree = "<group>";
		};
/* End PBXGroup section */

/* Begin PBXNativeTarget section */
		D4CC97AB2CC67B3D00882A68 /* NewsApp */ = {
			isa = PBXNativeTarget;
			buildConfigurationList = D4CC97D02CC67B3E00882A68 /* Build configuration list for PBXNativeTarget "NewsApp" */;
			buildPhases = (
				C0DB0835F5F2E183638CC4A6 /* [CP] Check Pods Manifest.lock */,
				D4CC97A82CC67B3D00882A68 /* Sources */,
				D4CC97A92CC67B3D00882A68 /* Frameworks */,
				D4CC97AA2CC67B3D00882A68 /* Resources */,
				D4CB7F532CDB608600E465D4 /* Embed Frameworks */,
				33995DC01C19A3138D180CEB /* [CP] Embed Pods Frameworks */,
			);
			buildRules = (
			);
			dependencies = (
			);
			name = NewsApp;
			productName = NewsApp;
			productReference = D4CC97AC2CC67B3D00882A68 /* NewsApp.app */;
			productType = "com.apple.product-type.application";
		};
		D4CC97BB2CC67B3E00882A68 /* NewsAppTests */ = {
			isa = PBXNativeTarget;
			buildConfigurationList = D4CC97D32CC67B3E00882A68 /* Build configuration list for PBXNativeTarget "NewsAppTests" */;
			buildPhases = (
				D4CC97B82CC67B3E00882A68 /* Sources */,
				D4CC97B92CC67B3E00882A68 /* Frameworks */,
				D4CC97BA2CC67B3E00882A68 /* Resources */,
			);
			buildRules = (
			);
			dependencies = (
				D4CC97BE2CC67B3E00882A68 /* PBXTargetDependency */,
			);
			name = NewsAppTests;
			productName = NewsAppTests;
			productReference = D4CC97BC2CC67B3E00882A68 /* NewsAppTests.xctest */;
			productType = "com.apple.product-type.bundle.unit-test";
		};
		D4CC97C52CC67B3E00882A68 /* NewsAppUITests */ = {
			isa = PBXNativeTarget;
			buildConfigurationList = D4CC97D62CC67B3E00882A68 /* Build configuration list for PBXNativeTarget "NewsAppUITests" */;
			buildPhases = (
				D4CC97C22CC67B3E00882A68 /* Sources */,
				D4CC97C32CC67B3E00882A68 /* Frameworks */,
				D4CC97C42CC67B3E00882A68 /* Resources */,
			);
			buildRules = (
			);
			dependencies = (
				D4CC97C82CC67B3E00882A68 /* PBXTargetDependency */,
			);
			name = NewsAppUITests;
			productName = NewsAppUITests;
			productReference = D4CC97C62CC67B3E00882A68 /* NewsAppUITests.xctest */;
			productType = "com.apple.product-type.bundle.ui-testing";
		};
/* End PBXNativeTarget section */

/* Begin PBXProject section */
		D4CC97A42CC67B3D00882A68 /* Project object */ = {
			isa = PBXProject;
			attributes = {
				BuildIndependentTargetsInParallel = 1;
				LastSwiftUpdateCheck = 1540;
				LastUpgradeCheck = 1610;
				TargetAttributes = {
					D4CC97AB2CC67B3D00882A68 = {
						CreatedOnToolsVersion = 15.4;
					};
					D4CC97BB2CC67B3E00882A68 = {
						CreatedOnToolsVersion = 15.4;
						TestTargetID = D4CC97AB2CC67B3D00882A68;
					};
					D4CC97C52CC67B3E00882A68 = {
						CreatedOnToolsVersion = 15.4;
						TestTargetID = D4CC97AB2CC67B3D00882A68;
					};
				};
			};
			buildConfigurationList = D4CC97A72CC67B3D00882A68 /* Build configuration list for PBXProject "NewsApp" */;
			compatibilityVersion = "Xcode 14.0";
			developmentRegion = en;
			hasScannedForEncodings = 0;
			knownRegions = (
				en,
				Base,
			);
			mainGroup = D4CC97A32CC67B3D00882A68;
			productRefGroup = D4CC97AD2CC67B3D00882A68 /* Products */;
			projectDirPath = "";
			projectRoot = "";
			targets = (
				D4CC97AB2CC67B3D00882A68 /* NewsApp */,
				D4CC97BB2CC67B3E00882A68 /* NewsAppTests */,
				D4CC97C52CC67B3E00882A68 /* NewsAppUITests */,
			);
		};
/* End PBXProject section */

/* Begin PBXResourcesBuildPhase section */
		D4CC97AA2CC67B3D00882A68 /* Resources */ = {
			isa = PBXResourcesBuildPhase;
			buildActionMask = 2147483647;
			files = (
				D4CC97B72CC67B3E00882A68 /* Preview Assets.xcassets in Resources */,
				D49E27D22CC8E07000D5F479 /* Bookmarks.png in Resources */,
				D4CC97B42CC67B3E00882A68 /* Assets.xcassets in Resources */,
				D414BF652CDCBB2300718F61 /* Main.storyboard in Resources */,
				D49E27D32CC8E07000D5F479 /* ArticleDetails.png in Resources */,
				D49E27D12CC8E07000D5F479 /* TopHeadlines.png in Resources */,
			);
			runOnlyForDeploymentPostprocessing = 0;
		};
		D4CC97BA2CC67B3E00882A68 /* Resources */ = {
			isa = PBXResourcesBuildPhase;
			buildActionMask = 2147483647;
			files = (
			);
			runOnlyForDeploymentPostprocessing = 0;
		};
		D4CC97C42CC67B3E00882A68 /* Resources */ = {
			isa = PBXResourcesBuildPhase;
			buildActionMask = 2147483647;
			files = (
			);
			runOnlyForDeploymentPostprocessing = 0;
		};
/* End PBXResourcesBuildPhase section */

/* Begin PBXShellScriptBuildPhase section */
		33995DC01C19A3138D180CEB /* [CP] Embed Pods Frameworks */ = {
			isa = PBXShellScriptBuildPhase;
			buildActionMask = 2147483647;
			files = (
			);
			inputFileListPaths = (
				"${PODS_ROOT}/Target Support Files/Pods-NewsApp/Pods-NewsApp-frameworks-${CONFIGURATION}-input-files.xcfilelist",
			);
			name = "[CP] Embed Pods Frameworks";
			outputFileListPaths = (
				"${PODS_ROOT}/Target Support Files/Pods-NewsApp/Pods-NewsApp-frameworks-${CONFIGURATION}-output-files.xcfilelist",
			);
			runOnlyForDeploymentPostprocessing = 0;
			shellPath = /bin/sh;
			shellScript = "\"${PODS_ROOT}/Target Support Files/Pods-NewsApp/Pods-NewsApp-frameworks.sh\"\n";
			showEnvVarsInLog = 0;
		};
		C0DB0835F5F2E183638CC4A6 /* [CP] Check Pods Manifest.lock */ = {
			isa = PBXShellScriptBuildPhase;
			buildActionMask = 2147483647;
			files = (
			);
			inputFileListPaths = (
			);
			inputPaths = (
				"${PODS_PODFILE_DIR_PATH}/Podfile.lock",
				"${PODS_ROOT}/Manifest.lock",
			);
			name = "[CP] Check Pods Manifest.lock";
			outputFileListPaths = (
			);
			outputPaths = (
				"$(DERIVED_FILE_DIR)/Pods-NewsApp-checkManifestLockResult.txt",
			);
			runOnlyForDeploymentPostprocessing = 0;
			shellPath = /bin/sh;
			shellScript = "diff \"${PODS_PODFILE_DIR_PATH}/Podfile.lock\" \"${PODS_ROOT}/Manifest.lock\" > /dev/null\nif [ $? != 0 ] ; then\n    # print error to STDERR\n    echo \"error: The sandbox is not in sync with the Podfile.lock. Run 'pod install' or update your CocoaPods installation.\" >&2\n    exit 1\nfi\n# This output is used by Xcode 'outputs' to avoid re-running this script phase.\necho \"SUCCESS\" > \"${SCRIPT_OUTPUT_FILE_0}\"\n";
			showEnvVarsInLog = 0;
		};
/* End PBXShellScriptBuildPhase section */

/* Begin PBXSourcesBuildPhase section */
		D4CC97A82CC67B3D00882A68 /* Sources */ = {
			isa = PBXSourcesBuildPhase;
			buildActionMask = 2147483647;
			files = (
				D45793592D096ADB009F8C85 /* ViewModelFactory.swift in Sources */,
				D49E27DE2CCA3DA500D5F479 /* NewsImageView.swift in Sources */,
				D4CC97F82CC6D34400882A68 /* MainView.swift in Sources */,
				D49E27D52CC8FEBD00D5F479 /* CategoryFilterView.swift in Sources */,
				D4CC97EE2CC6803400882A68 /* NewsResponse.swift in Sources */,
				D4CC97EC2CC6801A00882A68 /* Article.swift in Sources */,
				D45793372D094F5C009F8C85 /* NewsNetworkDataSourceImpl.swift in Sources */,
				D45793392D094F5C009F8C85 /* Localization.swift in Sources */,
				D457933A2D094F5C009F8C85 /* ArticleModel.swift in Sources */,
				D457933B2D094F5C009F8C85 /* NewsLocalDataSource.swift in Sources */,
				D457933C2D094F5C009F8C85 /* ArticleModel+RealmMapper.swift in Sources */,
				D457933D2D094F5C009F8C85 /* Extensions.swift in Sources */,
				D457933E2D094F5C009F8C85 /* Constants.swift in Sources */,
				D457933F2D094F5C009F8C85 /* NetworkError.swift in Sources */,
				D45793402D094F5C009F8C85 /* APIServiceProtocol.swift in Sources */,
				D45793412D094F5C009F8C85 /* FetchNewsUseCase.swift in Sources */,
				D45793422D094F5C009F8C85 /* NewsLocalDataSourceImpl.swift in Sources */,
				D45793432D094F5C009F8C85 /* APIConfig.swift in Sources */,
				D45793442D094F5C009F8C85 /* ArticleRealm.swift in Sources */,
				D45793452D094F5C009F8C85 /* APIServiceManager.swift in Sources */,
				D45793462D094F5C009F8C85 /* NewsNetworkDataSource.swift in Sources */,
				D45793472D094F5C009F8C85 /* LocalStorageError.swift in Sources */,
				D45793482D094F5C009F8C85 /* ArticleRealm+DomainMapper.swift in Sources */,
				D45793492D094F5C009F8C85 /* Endpoints.swift in Sources */,
				D4312C5F2D1009A600B291AD /* NewsCategory.swift in Sources */,
				D457934A2D094F5C009F8C85 /* NewsRepositoryProtocol.swift in Sources */,
				D457934B2D094F5C009F8C85 /* SceneDelegate.swift in Sources */,
				D457934C2D094F5C009F8C85 /* HTTPMethod.swift in Sources */,
				D4312C5B2D0F4F0600B291AD /* AccessibilityIdentifier.swift in Sources */,
				D457934D2D094F5C009F8C85 /* NewsRepository.swift in Sources */,
				D457934E2D094F5C009F8C85 /* Reachability.swift in Sources */,
				D457934F2D094F5C009F8C85 /* Helpers.swift in Sources */,
				D45793502D094F5C009F8C85 /* NetworkManager.swift in Sources */,
				D4CC97F02CC6C60B00882A68 /* NewsListView.swift in Sources */,
				D4CC97FA2CC6D36900882A68 /* BookmarkView.swift in Sources */,
				D4CC97B02CC67B3D00882A68 /* NewsAppApp.swift in Sources */,
				D4CC97F42CC6C66600882A68 /* NewsViewModel.swift in Sources */,
				D4CC97F22CC6C63E00882A68 /* NewsDetailView.swift in Sources */,
			);
			runOnlyForDeploymentPostprocessing = 0;
		};
		D4CC97B82CC67B3E00882A68 /* Sources */ = {
			isa = PBXSourcesBuildPhase;
			buildActionMask = 2147483647;
			files = (
				D457935B2D0F0EA7009F8C85 /* NewsAppTests.swift in Sources */,
				D4312C5C2D0F593600B291AD /* AccessibilityIdentifier.swift in Sources */,
			);
			runOnlyForDeploymentPostprocessing = 0;
		};
		D4CC97C22CC67B3E00882A68 /* Sources */ = {
			isa = PBXSourcesBuildPhase;
			buildActionMask = 2147483647;
			files = (
				D457935C2D0F0EB4009F8C85 /* NewsAppUITests.swift in Sources */,
				D4312C5D2D0F593600B291AD /* AccessibilityIdentifier.swift in Sources */,
				D4312C602D1009C900B291AD /* NewsCategory.swift in Sources */,
			);
			runOnlyForDeploymentPostprocessing = 0;
		};
/* End PBXSourcesBuildPhase section */

/* Begin PBXTargetDependency section */
		D4CC97BE2CC67B3E00882A68 /* PBXTargetDependency */ = {
			isa = PBXTargetDependency;
			target = D4CC97AB2CC67B3D00882A68 /* NewsApp */;
			targetProxy = D4CC97BD2CC67B3E00882A68 /* PBXContainerItemProxy */;
		};
		D4CC97C82CC67B3E00882A68 /* PBXTargetDependency */ = {
			isa = PBXTargetDependency;
			target = D4CC97AB2CC67B3D00882A68 /* NewsApp */;
			targetProxy = D4CC97C72CC67B3E00882A68 /* PBXContainerItemProxy */;
		};
/* End PBXTargetDependency section */

/* Begin XCBuildConfiguration section */
		D4CC97CE2CC67B3E00882A68 /* Debug */ = {
			isa = XCBuildConfiguration;
			buildSettings = {
				ALWAYS_SEARCH_USER_PATHS = NO;
				ASSETCATALOG_COMPILER_GENERATE_SWIFT_ASSET_SYMBOL_EXTENSIONS = YES;
				CLANG_ANALYZER_NONNULL = YES;
				CLANG_ANALYZER_NUMBER_OBJECT_CONVERSION = YES_AGGRESSIVE;
				CLANG_CXX_LANGUAGE_STANDARD = "gnu++20";
				CLANG_ENABLE_MODULES = YES;
				CLANG_ENABLE_OBJC_ARC = YES;
				CLANG_ENABLE_OBJC_WEAK = YES;
				CLANG_WARN_BLOCK_CAPTURE_AUTORELEASING = YES;
				CLANG_WARN_BOOL_CONVERSION = YES;
				CLANG_WARN_COMMA = YES;
				CLANG_WARN_CONSTANT_CONVERSION = YES;
				CLANG_WARN_DEPRECATED_OBJC_IMPLEMENTATIONS = YES;
				CLANG_WARN_DIRECT_OBJC_ISA_USAGE = YES_ERROR;
				CLANG_WARN_DOCUMENTATION_COMMENTS = YES;
				CLANG_WARN_EMPTY_BODY = YES;
				CLANG_WARN_ENUM_CONVERSION = YES;
				CLANG_WARN_INFINITE_RECURSION = YES;
				CLANG_WARN_INT_CONVERSION = YES;
				CLANG_WARN_NON_LITERAL_NULL_CONVERSION = YES;
				CLANG_WARN_OBJC_IMPLICIT_RETAIN_SELF = YES;
				CLANG_WARN_OBJC_LITERAL_CONVERSION = YES;
				CLANG_WARN_OBJC_ROOT_CLASS = YES_ERROR;
				CLANG_WARN_QUOTED_INCLUDE_IN_FRAMEWORK_HEADER = YES;
				CLANG_WARN_RANGE_LOOP_ANALYSIS = YES;
				CLANG_WARN_STRICT_PROTOTYPES = YES;
				CLANG_WARN_SUSPICIOUS_MOVE = YES;
				CLANG_WARN_UNGUARDED_AVAILABILITY = YES_AGGRESSIVE;
				CLANG_WARN_UNREACHABLE_CODE = YES;
				CLANG_WARN__DUPLICATE_METHOD_MATCH = YES;
				COPY_PHASE_STRIP = NO;
				DEBUG_INFORMATION_FORMAT = dwarf;
				ENABLE_STRICT_OBJC_MSGSEND = YES;
				ENABLE_TESTABILITY = YES;
				ENABLE_USER_SCRIPT_SANDBOXING = YES;
				GCC_C_LANGUAGE_STANDARD = gnu17;
				GCC_DYNAMIC_NO_PIC = NO;
				GCC_NO_COMMON_BLOCKS = YES;
				GCC_OPTIMIZATION_LEVEL = 0;
				GCC_PREPROCESSOR_DEFINITIONS = (
					"DEBUG=1",
					"$(inherited)",
				);
				GCC_WARN_64_TO_32_BIT_CONVERSION = YES;
				GCC_WARN_ABOUT_RETURN_TYPE = YES_ERROR;
				GCC_WARN_UNDECLARED_SELECTOR = YES;
				GCC_WARN_UNINITIALIZED_AUTOS = YES_AGGRESSIVE;
				GCC_WARN_UNUSED_FUNCTION = YES;
				GCC_WARN_UNUSED_VARIABLE = YES;
				IPHONEOS_DEPLOYMENT_TARGET = 17.5;
				LOCALIZATION_PREFERS_STRING_CATALOGS = YES;
				MTL_ENABLE_DEBUG_INFO = INCLUDE_SOURCE;
				MTL_FAST_MATH = YES;
				ONLY_ACTIVE_ARCH = YES;
				SDKROOT = iphoneos;
				SWIFT_ACTIVE_COMPILATION_CONDITIONS = "DEBUG $(inherited)";
				SWIFT_OPTIMIZATION_LEVEL = "-Onone";
			};
			name = Debug;
		};
		D4CC97CF2CC67B3E00882A68 /* Release */ = {
			isa = XCBuildConfiguration;
			buildSettings = {
				ALWAYS_SEARCH_USER_PATHS = NO;
				ASSETCATALOG_COMPILER_GENERATE_SWIFT_ASSET_SYMBOL_EXTENSIONS = YES;
				CLANG_ANALYZER_NONNULL = YES;
				CLANG_ANALYZER_NUMBER_OBJECT_CONVERSION = YES_AGGRESSIVE;
				CLANG_CXX_LANGUAGE_STANDARD = "gnu++20";
				CLANG_ENABLE_MODULES = YES;
				CLANG_ENABLE_OBJC_ARC = YES;
				CLANG_ENABLE_OBJC_WEAK = YES;
				CLANG_WARN_BLOCK_CAPTURE_AUTORELEASING = YES;
				CLANG_WARN_BOOL_CONVERSION = YES;
				CLANG_WARN_COMMA = YES;
				CLANG_WARN_CONSTANT_CONVERSION = YES;
				CLANG_WARN_DEPRECATED_OBJC_IMPLEMENTATIONS = YES;
				CLANG_WARN_DIRECT_OBJC_ISA_USAGE = YES_ERROR;
				CLANG_WARN_DOCUMENTATION_COMMENTS = YES;
				CLANG_WARN_EMPTY_BODY = YES;
				CLANG_WARN_ENUM_CONVERSION = YES;
				CLANG_WARN_INFINITE_RECURSION = YES;
				CLANG_WARN_INT_CONVERSION = YES;
				CLANG_WARN_NON_LITERAL_NULL_CONVERSION = YES;
				CLANG_WARN_OBJC_IMPLICIT_RETAIN_SELF = YES;
				CLANG_WARN_OBJC_LITERAL_CONVERSION = YES;
				CLANG_WARN_OBJC_ROOT_CLASS = YES_ERROR;
				CLANG_WARN_QUOTED_INCLUDE_IN_FRAMEWORK_HEADER = YES;
				CLANG_WARN_RANGE_LOOP_ANALYSIS = YES;
				CLANG_WARN_STRICT_PROTOTYPES = YES;
				CLANG_WARN_SUSPICIOUS_MOVE = YES;
				CLANG_WARN_UNGUARDED_AVAILABILITY = YES_AGGRESSIVE;
				CLANG_WARN_UNREACHABLE_CODE = YES;
				CLANG_WARN__DUPLICATE_METHOD_MATCH = YES;
				COPY_PHASE_STRIP = NO;
				DEBUG_INFORMATION_FORMAT = "dwarf-with-dsym";
				ENABLE_NS_ASSERTIONS = NO;
				ENABLE_STRICT_OBJC_MSGSEND = YES;
				ENABLE_USER_SCRIPT_SANDBOXING = YES;
				GCC_C_LANGUAGE_STANDARD = gnu17;
				GCC_NO_COMMON_BLOCKS = YES;
				GCC_WARN_64_TO_32_BIT_CONVERSION = YES;
				GCC_WARN_ABOUT_RETURN_TYPE = YES_ERROR;
				GCC_WARN_UNDECLARED_SELECTOR = YES;
				GCC_WARN_UNINITIALIZED_AUTOS = YES_AGGRESSIVE;
				GCC_WARN_UNUSED_FUNCTION = YES;
				GCC_WARN_UNUSED_VARIABLE = YES;
				IPHONEOS_DEPLOYMENT_TARGET = 17.5;
				LOCALIZATION_PREFERS_STRING_CATALOGS = YES;
				MTL_ENABLE_DEBUG_INFO = NO;
				MTL_FAST_MATH = YES;
				SDKROOT = iphoneos;
				SWIFT_COMPILATION_MODE = wholemodule;
				VALIDATE_PRODUCT = YES;
			};
			name = Release;
		};
		D4CC97D12CC67B3E00882A68 /* Debug */ = {
			isa = XCBuildConfiguration;
			baseConfigurationReference = C3B78F72416B20C802E5500E /* Pods-NewsApp.debug.xcconfig */;
			buildSettings = {
				ASSETCATALOG_COMPILER_APPICON_NAME = AppIcon;
				ASSETCATALOG_COMPILER_GLOBAL_ACCENT_COLOR_NAME = AccentColor;
				CODE_SIGN_STYLE = Manual;
				CURRENT_PROJECT_VERSION = 1;
				DEVELOPMENT_ASSET_PATHS = "\"NewsApp/Preview Content\"";
				DEVELOPMENT_TEAM = "";
				ENABLE_PREVIEWS = YES;
				ENABLE_USER_SCRIPT_SANDBOXING = NO;
				GENERATE_INFOPLIST_FILE = YES;
				INFOPLIST_KEY_CFBundleDisplayName = NewsReader;
				INFOPLIST_KEY_UIApplicationSceneManifest_Generation = YES;
				INFOPLIST_KEY_UIApplicationSupportsIndirectInputEvents = YES;
				INFOPLIST_KEY_UILaunchScreen_Generation = YES;
				INFOPLIST_KEY_UISupportedInterfaceOrientations_iPad = "UIInterfaceOrientationPortrait UIInterfaceOrientationPortraitUpsideDown UIInterfaceOrientationLandscapeLeft UIInterfaceOrientationLandscapeRight";
				INFOPLIST_KEY_UISupportedInterfaceOrientations_iPhone = "UIInterfaceOrientationPortrait UIInterfaceOrientationLandscapeLeft UIInterfaceOrientationLandscapeRight";
				IPHONEOS_DEPLOYMENT_TARGET = 15.0;
				LD_RUNPATH_SEARCH_PATHS = (
					"$(inherited)",
					"@executable_path/Frameworks",
				);
				MARKETING_VERSION = 1.0;
				PRODUCT_BUNDLE_IDENTIFIER = com.sampleapp.in.NewsApp;
				PRODUCT_NAME = "$(TARGET_NAME)";
				PROVISIONING_PROFILE_SPECIFIER = "";
				SWIFT_EMIT_LOC_STRINGS = YES;
				SWIFT_VERSION = 5.0;
				TARGETED_DEVICE_FAMILY = "1,2";
			};
			name = Debug;
		};
		D4CC97D22CC67B3E00882A68 /* Release */ = {
			isa = XCBuildConfiguration;
			baseConfigurationReference = D9B3698B6B1544D775814B73 /* Pods-NewsApp.release.xcconfig */;
			buildSettings = {
				ASSETCATALOG_COMPILER_APPICON_NAME = AppIcon;
				ASSETCATALOG_COMPILER_GLOBAL_ACCENT_COLOR_NAME = AccentColor;
				CODE_SIGN_STYLE = Manual;
				CURRENT_PROJECT_VERSION = 1;
				DEVELOPMENT_ASSET_PATHS = "\"NewsApp/Preview Content\"";
				DEVELOPMENT_TEAM = "";
				ENABLE_PREVIEWS = YES;
				ENABLE_USER_SCRIPT_SANDBOXING = NO;
				GENERATE_INFOPLIST_FILE = YES;
				INFOPLIST_KEY_CFBundleDisplayName = NewsReader;
				INFOPLIST_KEY_UIApplicationSceneManifest_Generation = YES;
				INFOPLIST_KEY_UIApplicationSupportsIndirectInputEvents = YES;
				INFOPLIST_KEY_UILaunchScreen_Generation = YES;
				INFOPLIST_KEY_UISupportedInterfaceOrientations_iPad = "UIInterfaceOrientationPortrait UIInterfaceOrientationPortraitUpsideDown UIInterfaceOrientationLandscapeLeft UIInterfaceOrientationLandscapeRight";
				INFOPLIST_KEY_UISupportedInterfaceOrientations_iPhone = "UIInterfaceOrientationPortrait UIInterfaceOrientationLandscapeLeft UIInterfaceOrientationLandscapeRight";
				IPHONEOS_DEPLOYMENT_TARGET = 15.0;
				LD_RUNPATH_SEARCH_PATHS = (
					"$(inherited)",
					"@executable_path/Frameworks",
				);
				MARKETING_VERSION = 1.0;
				PRODUCT_BUNDLE_IDENTIFIER = com.sampleapp.in.NewsApp;
				PRODUCT_NAME = "$(TARGET_NAME)";
				PROVISIONING_PROFILE_SPECIFIER = "";
				SWIFT_EMIT_LOC_STRINGS = YES;
				SWIFT_VERSION = 5.0;
				TARGETED_DEVICE_FAMILY = "1,2";
			};
			name = Release;
		};
		D4CC97D42CC67B3E00882A68 /* Debug */ = {
			isa = XCBuildConfiguration;
			buildSettings = {
				BUNDLE_LOADER = "$(TEST_HOST)";
				CODE_SIGN_STYLE = Manual;
				CURRENT_PROJECT_VERSION = 1;
				DEVELOPMENT_TEAM = "";
				GENERATE_INFOPLIST_FILE = YES;
				IPHONEOS_DEPLOYMENT_TARGET = 15.0;
				MARKETING_VERSION = 1.0;
				PRODUCT_BUNDLE_IDENTIFIER = com.sampleapp.in.NewsAppTests;
				PRODUCT_NAME = "$(TARGET_NAME)";
				PROVISIONING_PROFILE_SPECIFIER = "";
				SWIFT_EMIT_LOC_STRINGS = NO;
				SWIFT_VERSION = 5.0;
				TARGETED_DEVICE_FAMILY = "1,2";
				TEST_HOST = "$(BUILT_PRODUCTS_DIR)/NewsApp.app/$(BUNDLE_EXECUTABLE_FOLDER_PATH)/NewsApp";
			};
			name = Debug;
		};
		D4CC97D52CC67B3E00882A68 /* Release */ = {
			isa = XCBuildConfiguration;
			buildSettings = {
				BUNDLE_LOADER = "$(TEST_HOST)";
				CODE_SIGN_STYLE = Manual;
				CURRENT_PROJECT_VERSION = 1;
				DEVELOPMENT_TEAM = "";
				GENERATE_INFOPLIST_FILE = YES;
				IPHONEOS_DEPLOYMENT_TARGET = 15.0;
				MARKETING_VERSION = 1.0;
				PRODUCT_BUNDLE_IDENTIFIER = com.sampleapp.in.NewsAppTests;
				PRODUCT_NAME = "$(TARGET_NAME)";
				PROVISIONING_PROFILE_SPECIFIER = "";
				SWIFT_EMIT_LOC_STRINGS = NO;
				SWIFT_VERSION = 5.0;
				TARGETED_DEVICE_FAMILY = "1,2";
				TEST_HOST = "$(BUILT_PRODUCTS_DIR)/NewsApp.app/$(BUNDLE_EXECUTABLE_FOLDER_PATH)/NewsApp";
			};
			name = Release;
		};
		D4CC97D72CC67B3E00882A68 /* Debug */ = {
			isa = XCBuildConfiguration;
			buildSettings = {
				CODE_SIGN_STYLE = Manual;
				CURRENT_PROJECT_VERSION = 1;
				DEVELOPMENT_TEAM = "";
				GENERATE_INFOPLIST_FILE = YES;
				IPHONEOS_DEPLOYMENT_TARGET = 15.0;
				MARKETING_VERSION = 1.0;
				PRODUCT_BUNDLE_IDENTIFIER = com.sampleapp.in.NewsAppUITests;
				PRODUCT_NAME = "$(TARGET_NAME)";
				PROVISIONING_PROFILE_SPECIFIER = "";
				SWIFT_EMIT_LOC_STRINGS = NO;
				SWIFT_VERSION = 5.0;
				TARGETED_DEVICE_FAMILY = "1,2";
				TEST_TARGET_NAME = NewsApp;
			};
			name = Debug;
		};
		D4CC97D82CC67B3E00882A68 /* Release */ = {
			isa = XCBuildConfiguration;
			buildSettings = {
				CODE_SIGN_STYLE = Manual;
				CURRENT_PROJECT_VERSION = 1;
				DEVELOPMENT_TEAM = "";
				GENERATE_INFOPLIST_FILE = YES;
				IPHONEOS_DEPLOYMENT_TARGET = 15.0;
				MARKETING_VERSION = 1.0;
				PRODUCT_BUNDLE_IDENTIFIER = com.sampleapp.in.NewsAppUITests;
				PRODUCT_NAME = "$(TARGET_NAME)";
				PROVISIONING_PROFILE_SPECIFIER = "";
				SWIFT_EMIT_LOC_STRINGS = NO;
				SWIFT_VERSION = 5.0;
				TARGETED_DEVICE_FAMILY = "1,2";
				TEST_TARGET_NAME = NewsApp;
			};
			name = Release;
		};
/* End XCBuildConfiguration section */

/* Begin XCConfigurationList section */
		D4CC97A72CC67B3D00882A68 /* Build configuration list for PBXProject "NewsApp" */ = {
			isa = XCConfigurationList;
			buildConfigurations = (
				D4CC97CE2CC67B3E00882A68 /* Debug */,
				D4CC97CF2CC67B3E00882A68 /* Release */,
			);
			defaultConfigurationIsVisible = 0;
			defaultConfigurationName = Release;
		};
		D4CC97D02CC67B3E00882A68 /* Build configuration list for PBXNativeTarget "NewsApp" */ = {
			isa = XCConfigurationList;
			buildConfigurations = (
				D4CC97D12CC67B3E00882A68 /* Debug */,
				D4CC97D22CC67B3E00882A68 /* Release */,
			);
			defaultConfigurationIsVisible = 0;
			defaultConfigurationName = Release;
		};
		D4CC97D32CC67B3E00882A68 /* Build configuration list for PBXNativeTarget "NewsAppTests" */ = {
			isa = XCConfigurationList;
			buildConfigurations = (
				D4CC97D42CC67B3E00882A68 /* Debug */,
				D4CC97D52CC67B3E00882A68 /* Release */,
			);
			defaultConfigurationIsVisible = 0;
			defaultConfigurationName = Release;
		};
		D4CC97D62CC67B3E00882A68 /* Build configuration list for PBXNativeTarget "NewsAppUITests" */ = {
			isa = XCConfigurationList;
			buildConfigurations = (
				D4CC97D72CC67B3E00882A68 /* Debug */,
				D4CC97D82CC67B3E00882A68 /* Release */,
			);
			defaultConfigurationIsVisible = 0;
			defaultConfigurationName = Release;
		};
/* End XCConfigurationList section */
	};
	rootObject = D4CC97A42CC67B3D00882A68 /* Project object */;
}
